
Microsoft Visual Studio Solution File, Format Version 12.00
# Visual Studio Version 16
VisualStudioVersion = 16.0.30406.217
MinimumVisualStudioVersion = 10.0.40219.1
Project("{9A19103F-16F7-4668-BE54-9A1E7A4F7556}") = "HttpServerLib", "HttpServerLib\HttpServerLib.csproj", "{403741EA-55A2-4EE6-8F81-C49D139C0F5E}"
EndProject
Project("{FAE04EC0-301F-11D3-BF4B-00C04F79EFBC}") = "HttpServerService", "HttpServerService\HttpServerService.csproj", "{B55A6AFD-3620-4026-99E6-50B0BBF81EF5}"
EndProject
Project("{54435603-DBB4-11D2-8724-00A0C9A8B90C}") = "HttpServerX64-setup", "HttpServerInstaller\HttpServer-Setup.vdproj", "{543DBAFE-DCEF-4C38-AABC-DB64CE67A361}"
EndProject
Project("{FAE04EC0-301F-11D3-BF4B-00C04F79EFBC}") = "HttpServer.Tests", "HttpServer.Tests\HttpServer.Tests.csproj", "{3062F5A1-64E7-40A4-BABF-F6D20D00BEBE}"
EndProject
Project("{2150E333-8FDC-42A3-9474-1A3956D46DE8}") = "Console (For Testing)", "Console (For Testing)", "{3B88F723-44E2-45BF-99DB-AAD5DED420A3}"
EndProject
Project("{9A19103F-16F7-4668-BE54-9A1E7A4F7556}") = "Console DotNet Core", "Console DotNet Core\Console DotNet Core.csproj", "{7B793D4A-16D7-45C6-ACC7-489B0BEFA8A0}"
EndProject
Project("{FAE04EC0-301F-11D3-BF4B-00C04F79EFBC}") = "Console DotNet Fx 452", "Console DotNet Fx 4.52\Console DotNet Fx 452.csproj", "{3A196588-8F2A-4E0E-AA30-9BBCBDDFC1EE}"
EndProject
Project("{2150E333-8FDC-42A3-9474-1A3956D46DE8}") = "Solution Items", "Solution Items", "{F9BF2CC5-5A11-4A50-8FA3-5433ED40EA88}"
	ProjectSection(SolutionItems) = preProject
		NOTES.txt = NOTES.txt
		README.md = README.md
	EndProjectSection
EndProject
Project("{2150E333-8FDC-42A3-9474-1A3956D46DE8}") = "Windows Installer", "Windows Installer", "{9454950D-C946-438A-9016-E96DD1E8D8B9}"
EndProject
Project("{FAE04EC0-301F-11D3-BF4B-00C04F79EFBC}") = "ServerConfigUI", "HttpServerConfig\ServerConfigUI.csproj", "{72DE2F58-FA8E-4FE3-A385-6BA88357F4AF}"
EndProject
Project("{9A19103F-16F7-4668-BE54-9A1E7A4F7556}") = "HttpServerLib.WPF", "HttpServerLib.WPF\HttpServerLib.WPF.csproj", "{9B941B0F-A852-4541-BE44-6C3278569297}"
EndProject
Project("{FAE04EC0-301F-11D3-BF4B-00C04F79EFBC}") = "ServerConfig", "ServerConfig\ServerConfig.csproj", "{A0500C02-9CA0-4E9C-BF01-F4F265FA8D1D}"
EndProject
Global
	GlobalSection(SolutionConfigurationPlatforms) = preSolution
		Debug|Any CPU = Debug|Any CPU
		Release|Any CPU = Release|Any CPU
	EndGlobalSection
	GlobalSection(ProjectConfigurationPlatforms) = postSolution
		{403741EA-55A2-4EE6-8F81-C49D139C0F5E}.Debug|Any CPU.ActiveCfg = Debug|Any CPU
		{403741EA-55A2-4EE6-8F81-C49D139C0F5E}.Debug|Any CPU.Build.0 = Debug|Any CPU
		{403741EA-55A2-4EE6-8F81-C49D139C0F5E}.Release|Any CPU.ActiveCfg = Release|Any CPU
		{403741EA-55A2-4EE6-8F81-C49D139C0F5E}.Release|Any CPU.Build.0 = Release|Any CPU
		{B55A6AFD-3620-4026-99E6-50B0BBF81EF5}.Debug|Any CPU.ActiveCfg = Debug|Any CPU
		{B55A6AFD-3620-4026-99E6-50B0BBF81EF5}.Debug|Any CPU.Build.0 = Debug|Any CPU
		{B55A6AFD-3620-4026-99E6-50B0BBF81EF5}.Release|Any CPU.ActiveCfg = Release|Any CPU
		{B55A6AFD-3620-4026-99E6-50B0BBF81EF5}.Release|Any CPU.Build.0 = Release|Any CPU
		{543DBAFE-DCEF-4C38-AABC-DB64CE67A361}.Debug|Any CPU.ActiveCfg = Debug
		{543DBAFE-DCEF-4C38-AABC-DB64CE67A361}.Debug|Any CPU.Build.0 = Debug
		{543DBAFE-DCEF-4C38-AABC-DB64CE67A361}.Release|Any CPU.ActiveCfg = Release
		{543DBAFE-DCEF-4C38-AABC-DB64CE67A361}.Release|Any CPU.Build.0 = Release
		{3062F5A1-64E7-40A4-BABF-F6D20D00BEBE}.Debug|Any CPU.ActiveCfg = Debug|Any CPU
		{3062F5A1-64E7-40A4-BABF-F6D20D00BEBE}.Debug|Any CPU.Build.0 = Debug|Any CPU
		{3062F5A1-64E7-40A4-BABF-F6D20D00BEBE}.Release|Any CPU.ActiveCfg = Release|Any CPU
		{3062F5A1-64E7-40A4-BABF-F6D20D00BEBE}.Release|Any CPU.Build.0 = Release|Any CPU
		{7B793D4A-16D7-45C6-ACC7-489B0BEFA8A0}.Debug|Any CPU.ActiveCfg = Debug|Any CPU
		{7B793D4A-16D7-45C6-ACC7-489B0BEFA8A0}.Debug|Any CPU.Build.0 = Debug|Any CPU
		{7B793D4A-16D7-45C6-ACC7-489B0BEFA8A0}.Release|Any CPU.ActiveCfg = Release|Any CPU
		{7B793D4A-16D7-45C6-ACC7-489B0BEFA8A0}.Release|Any CPU.Build.0 = Release|Any CPU
		{3A196588-8F2A-4E0E-AA30-9BBCBDDFC1EE}.Debug|Any CPU.ActiveCfg = Debug|Any CPU
		{3A196588-8F2A-4E0E-AA30-9BBCBDDFC1EE}.Debug|Any CPU.Build.0 = Debug|Any CPU
		{3A196588-8F2A-4E0E-AA30-9BBCBDDFC1EE}.Release|Any CPU.ActiveCfg = Release|Any CPU
		{3A196588-8F2A-4E0E-AA30-9BBCBDDFC1EE}.Release|Any CPU.Build.0 = Release|Any CPU
		{72DE2F58-FA8E-4FE3-A385-6BA88357F4AF}.Debug|Any CPU.ActiveCfg = Debug|Any CPU
		{72DE2F58-FA8E-4FE3-A385-6BA88357F4AF}.Debug|Any CPU.Build.0 = Debug|Any CPU
		{72DE2F58-FA8E-4FE3-A385-6BA88357F4AF}.Release|Any CPU.ActiveCfg = Release|Any CPU
		{72DE2F58-FA8E-4FE3-A385-6BA88357F4AF}.Release|Any CPU.Build.0 = Release|Any CPU
		{9B941B0F-A852-4541-BE44-6C3278569297}.Debug|Any CPU.ActiveCfg = Debug|Any CPU
		{9B941B0F-A852-4541-BE44-6C3278569297}.Debug|Any CPU.Build.0 = Debug|Any CPU
		{9B941B0F-A852-4541-BE44-6C3278569297}.Release|Any CPU.ActiveCfg = Release|Any CPU
		{9B941B0F-A852-4541-BE44-6C3278569297}.Release|Any CPU.Build.0 = Release|Any CPU
		{A0500C02-9CA0-4E9C-BF01-F4F265FA8D1D}.Debug|Any CPU.ActiveCfg = Debug|Any CPU
		{A0500C02-9CA0-4E9C-BF01-F4F265FA8D1D}.Debug|Any CPU.Build.0 = Debug|Any CPU
		{A0500C02-9CA0-4E9C-BF01-F4F265FA8D1D}.Release|Any CPU.ActiveCfg = Release|Any CPU
		{A0500C02-9CA0-4E9C-BF01-F4F265FA8D1D}.Release|Any CPU.Build.0 = Release|Any CPU
	EndGlobalSection
	GlobalSection(SolutionProperties) = preSolution
		HideSolutionNode = FALSE
	EndGlobalSection
	GlobalSection(NestedProjects) = preSolution
		{B55A6AFD-3620-4026-99E6-50B0BBF81EF5} = {9454950D-C946-438A-9016-E96DD1E8D8B9}
		{543DBAFE-DCEF-4C38-AABC-DB64CE67A361} = {9454950D-C946-438A-9016-E96DD1E8D8B9}
		{7B793D4A-16D7-45C6-ACC7-489B0BEFA8A0} = {3B88F723-44E2-45BF-99DB-AAD5DED420A3}
		{3A196588-8F2A-4E0E-AA30-9BBCBDDFC1EE} = {3B88F723-44E2-45BF-99DB-AAD5DED420A3}
	EndGlobalSection
	GlobalSection(ExtensibilityGlobals) = postSolution
		SolutionGuid = {76C9B292-6490-4A51-B81F-17E3B7A203BC}
	EndGlobalSection
EndGlobal
