
Microsoft Visual Studio Solution File, Format Version 12.00
# Visual Studio Version 16
VisualStudioVersion = 16.0.30406.217
MinimumVisualStudioVersion = 10.0.40219.1
Project("{FAE04EC0-301F-11D3-BF4B-00C04F79EFBC}") = "HttpServerLib", "HttpServerLib\HttpServerLib.csproj", "{403741EA-55A2-4EE6-8F81-C49D139C0F5E}"
EndProject
Project("{FAE04EC0-301F-11D3-BF4B-00C04F79EFBC}") = "HttpServerConsole", "HttpServerConsole\HttpServerConsole.csproj", "{3A196588-8F2A-4E0E-AA30-9BBCBDDFC1EE}"
EndProject
Project("{FAE04EC0-301F-11D3-BF4B-00C04F79EFBC}") = "HttpServerService", "HttpServerService\HttpServerService.csproj", "{B55A6AFD-3620-4026-99E6-50B0BBF81EF5}"
EndProject
Project("{54435603-DBB4-11D2-8724-00A0C9A8B90C}") = "VlixHttpServerX64-setup", "HttpServerInstaller\HttpServer-Setup.vdproj", "{543DBAFE-DCEF-4C38-AABC-DB64CE67A361}"
EndProject
Global
	GlobalSection(SolutionConfigurationPlatforms) = preSolution
		Debug|Any CPU = Debug|Any CPU
		Release|Any CPU = Release|Any CPU
	EndGlobalSection
	GlobalSection(ProjectConfigurationPlatforms) = postSolution
		{403741EA-55A2-4EE6-8F81-C49D139C0F5E}.Debug|Any CPU.ActiveCfg = Debug|Any CPU
		{403741EA-55A2-4EE6-8F81-C49D139C0F5E}.Debug|Any CPU.Build.0 = Debug|Any CPU
		{403741EA-55A2-4EE6-8F81-C49D139C0F5E}.Release|Any CPU.ActiveCfg = Release|Any CPU
		{403741EA-55A2-4EE6-8F81-C49D139C0F5E}.Release|Any CPU.Build.0 = Release|Any CPU
		{3A196588-8F2A-4E0E-AA30-9BBCBDDFC1EE}.Debug|Any CPU.ActiveCfg = Debug|Any CPU
		{3A196588-8F2A-4E0E-AA30-9BBCBDDFC1EE}.Debug|Any CPU.Build.0 = Debug|Any CPU
		{3A196588-8F2A-4E0E-AA30-9BBCBDDFC1EE}.Release|Any CPU.ActiveCfg = Release|Any CPU
		{3A196588-8F2A-4E0E-AA30-9BBCBDDFC1EE}.Release|Any CPU.Build.0 = Release|Any CPU
		{B55A6AFD-3620-4026-99E6-50B0BBF81EF5}.Debug|Any CPU.ActiveCfg = Debug|Any CPU
		{B55A6AFD-3620-4026-99E6-50B0BBF81EF5}.Debug|Any CPU.Build.0 = Debug|Any CPU
		{B55A6AFD-3620-4026-99E6-50B0BBF81EF5}.Release|Any CPU.ActiveCfg = Release|Any CPU
		{B55A6AFD-3620-4026-99E6-50B0BBF81EF5}.Release|Any CPU.Build.0 = Release|Any CPU
		{543DBAFE-DCEF-4C38-AABC-DB64CE67A361}.Debug|Any CPU.ActiveCfg = Debug
		{543DBAFE-DCEF-4C38-AABC-DB64CE67A361}.Debug|Any CPU.Build.0 = Debug
		{543DBAFE-DCEF-4C38-AABC-DB64CE67A361}.Release|Any CPU.ActiveCfg = Release
		{543DBAFE-DCEF-4C38-AABC-DB64CE67A361}.Release|Any CPU.Build.0 = Release
	EndGlobalSection
	GlobalSection(SolutionProperties) = preSolution
		HideSolutionNode = FALSE
	EndGlobalSection
	GlobalSection(ExtensibilityGlobals) = postSolution
		SolutionGuid = {76C9B292-6490-4A51-B81F-17E3B7A203BC}
	EndGlobalSection
EndGlobal
